
Microsoft Visual Studio Solution File, Format Version 12.00
# Visual Studio Version 17
VisualStudioVersion = 17.7.34009.444
MinimumVisualStudioVersion = 10.0.40219.1
Project("{8BC9CEB8-8B4A-11D0-8D11-00A0C91BC942}") = "P001_hola_mundo_V0", "P001_hola_mundo_V0.vcxproj", "{39CC3ABC-9144-4B7C-84DB-72A13634CE26}"
EndProject
Global
	GlobalSection(SolutionConfigurationPlatforms) = preSolution
		Debug|x64 = Debug|x64
		Debug|x86 = Debug|x86
		Release|x64 = Release|x64
		Release|x86 = Release|x86
	EndGlobalSection
	GlobalSection(ProjectConfigurationPlatforms) = postSolution
		{39CC3ABC-9144-4B7C-84DB-72A13634CE26}.Debug|x64.ActiveCfg = Debug|x64
		{39CC3ABC-9144-4B7C-84DB-72A13634CE26}.Debug|x64.Build.0 = Debug|x64
		{39CC3ABC-9144-4B7C-84DB-72A13634CE26}.Debug|x86.ActiveCfg = Debug|Win32
		{39CC3ABC-9144-4B7C-84DB-72A13634CE26}.Debug|x86.Build.0 = Debug|Win32
		{39CC3ABC-9144-4B7C-84DB-72A13634CE26}.Release|x64.ActiveCfg = Release|x64
		{39CC3ABC-9144-4B7C-84DB-72A13634CE26}.Release|x64.Build.0 = Release|x64
		{39CC3ABC-9144-4B7C-84DB-72A13634CE26}.Release|x86.ActiveCfg = Release|Win32
		{39CC3ABC-9144-4B7C-84DB-72A13634CE26}.Release|x86.Build.0 = Release|Win32
	EndGlobalSection
	GlobalSection(SolutionProperties) = preSolution
		HideSolutionNode = FALSE
	EndGlobalSection
	GlobalSection(ExtensibilityGlobals) = postSolution
		SolutionGuid = {6993E1C2-BA88-453A-A8E5-808AD2E6D41E}
	EndGlobalSection
EndGlobal
